
Microsoft Visual Studio Solution File, Format Version 12.00
# Visual Studio Version 17
VisualStudioVersion = 17.4.33205.214
MinimumVisualStudioVersion = 10.0.40219.1
Project("{8BC9CEB8-8B4A-11D0-8D11-00A0C91BC942}") = "Project20221227", "Project20221227.vcxproj", "{F4D960E2-D164-4E40-B3E8-8E4B59D39EB9}"
EndProject
Global
	GlobalSection(SolutionConfigurationPlatforms) = preSolution
		Debug|x64 = Debug|x64
		Debug|x86 = Debug|x86
		Release|x64 = Release|x64
		Release|x86 = Release|x86
	EndGlobalSection
	GlobalSection(ProjectConfigurationPlatforms) = postSolution
		{F4D960E2-D164-4E40-B3E8-8E4B59D39EB9}.Debug|x64.ActiveCfg = Debug|x64
		{F4D960E2-D164-4E40-B3E8-8E4B59D39EB9}.Debug|x64.Build.0 = Debug|x64
		{F4D960E2-D164-4E40-B3E8-8E4B59D39EB9}.Debug|x86.ActiveCfg = Debug|Win32
		{F4D960E2-D164-4E40-B3E8-8E4B59D39EB9}.Debug|x86.Build.0 = Debug|Win32
		{F4D960E2-D164-4E40-B3E8-8E4B59D39EB9}.Release|x64.ActiveCfg = Release|x64
		{F4D960E2-D164-4E40-B3E8-8E4B59D39EB9}.Release|x64.Build.0 = Release|x64
		{F4D960E2-D164-4E40-B3E8-8E4B59D39EB9}.Release|x86.ActiveCfg = Release|Win32
		{F4D960E2-D164-4E40-B3E8-8E4B59D39EB9}.Release|x86.Build.0 = Release|Win32
	EndGlobalSection
	GlobalSection(SolutionProperties) = preSolution
		HideSolutionNode = FALSE
	EndGlobalSection
	GlobalSection(ExtensibilityGlobals) = postSolution
		SolutionGuid = {B73B9F58-8183-44DD-AFE5-AD16C0D7AB0E}
	EndGlobalSection
EndGlobal
